
Microsoft Visual Studio Solution File, Format Version 12.00
# Visual Studio Version 17
VisualStudioVersion = 17.10.35013.160
MinimumVisualStudioVersion = 10.0.40219.1
Project("{FAE04EC0-301F-11D3-BF4B-00C04F79EFBC}") = "EcommerceProject", "EcommerceProject\EcommerceProject.csproj", "{31051040-78C0-4F29-B5BF-3D5D0CFF1F6D}"
EndProject
Global
	GlobalSection(SolutionConfigurationPlatforms) = preSolution
		Debug|Any CPU = Debug|Any CPU
		Release|Any CPU = Release|Any CPU
	EndGlobalSection
	GlobalSection(ProjectConfigurationPlatforms) = postSolution
		{31051040-78C0-4F29-B5BF-3D5D0CFF1F6D}.Debug|Any CPU.ActiveCfg = Debug|Any CPU
		{31051040-78C0-4F29-B5BF-3D5D0CFF1F6D}.Debug|Any CPU.Build.0 = Debug|Any CPU
		{31051040-78C0-4F29-B5BF-3D5D0CFF1F6D}.Release|Any CPU.ActiveCfg = Release|Any CPU
		{31051040-78C0-4F29-B5BF-3D5D0CFF1F6D}.Release|Any CPU.Build.0 = Release|Any CPU
	EndGlobalSection
	GlobalSection(SolutionProperties) = preSolution
		HideSolutionNode = FALSE
	EndGlobalSection
	GlobalSection(ExtensibilityGlobals) = postSolution
		SolutionGuid = {FC77D945-3FD2-4FA3-91AA-8661C64A5F87}
	EndGlobalSection
EndGlobal
